{
  "nodes": {
    "nixpkgs": {
      "locked": {
        "lastModified": 1780162102,
        "narHash": "sha256-NhJym1WPboOhCtkzngJjzO07vREzUB87UHH7EFhSdHM=",
        "owner": "loongson-community",
        "repo": "nixpkgs",
        "rev": "229435be505d132e83f2594431eb8760c3f45762",
        "type": "github"
      },
      "original": {
        "owner": "loongson-community",
        "ref": "loong-release-25.11",
        "repo": "nixpkgs",
        "type": "github"
      }
    },
    "root": {
      "inputs": {
        "nixpkgs": "nixpkgs"
      }
    }
  },
  "root": "root",
  "version": 7
}
