{
  "nodes": {
    "nixpkgs": {
      "locked": {
        "lastModified": 1783509282,
        "narHash": "sha256-A+vk2vEmMVCr4L0OzJlvjpIeJdoFW94Ko6tSO9GrGVs=",
        "owner": "loongson-community",
        "repo": "nixpkgs",
        "rev": "898d24fe355da3f0010d3fd5fea1bba583a164eb",
        "type": "github"
      },
      "original": {
        "owner": "loongson-community",
        "ref": "loong-release-25.11",
        "repo": "nixpkgs",
        "type": "github"
      }
    },
    "root": {
      "inputs": {
        "nixpkgs": "nixpkgs"
      }
    }
  },
  "root": "root",
  "version": 7
}
