{
  "nodes": {
    "nixpkgs": {
      "locked": {
        "lastModified": 1762509768,
        "narHash": "sha256-NNGn5AOgkkcdpUR/oHUxvpPwWSdgf/JXSI6mn2Wh0nQ=",
        "owner": "loongson-community",
        "repo": "nixpkgs",
        "rev": "bc3570530350f8ab663910903a836f6c598fe3f1",
        "type": "github"
      },
      "original": {
        "owner": "loongson-community",
        "repo": "nixpkgs",
        "type": "github"
      }
    },
    "root": {
      "inputs": {
        "nixpkgs": "nixpkgs"
      }
    }
  },
  "root": "root",
  "version": 7
}
