{
  "nodes": {
    "nixpkgs": {
      "locked": {
        "lastModified": 1757461930,
        "narHash": "sha256-n73rBTfxLWWX6JKj4k/7uPOfF12G3OjxZ7AWPaKzKvM=",
        "owner": "loongson-community",
        "repo": "nixpkgs",
        "rev": "95c285edaabe4f9a39749e0d654242b5696ef771",
        "type": "github"
      },
      "original": {
        "owner": "loongson-community",
        "repo": "nixpkgs",
        "type": "github"
      }
    },
    "root": {
      "inputs": {
        "nixpkgs": "nixpkgs"
      }
    }
  },
  "root": "root",
  "version": 7
}
