{
  "nodes": {
    "nixpkgs": {
      "locked": {
        "lastModified": 1758470942,
        "narHash": "sha256-HeGmdZr2wouLHdSJOkdWNDpinbTBnhqqEMoZy1TFGQo=",
        "owner": "loongson-community",
        "repo": "nixpkgs",
        "rev": "f89df303727cd6407f2d4a0328544f39613ea1ac",
        "type": "github"
      },
      "original": {
        "owner": "loongson-community",
        "repo": "nixpkgs",
        "type": "github"
      }
    },
    "root": {
      "inputs": {
        "nixpkgs": "nixpkgs"
      }
    }
  },
  "root": "root",
  "version": 7
}
