{
  "nodes": {
    "nixpkgs": {
      "locked": {
        "lastModified": 1758139997,
        "narHash": "sha256-dUbUaPZMAtqJ+h8qppFRGxdwJ/7ZRV6wRKkWPyivxso=",
        "owner": "loongson-community",
        "repo": "nixpkgs",
        "rev": "48a9ed498a02b66be3aee94ad4f2cca08221a118",
        "type": "github"
      },
      "original": {
        "owner": "loongson-community",
        "repo": "nixpkgs",
        "type": "github"
      }
    },
    "root": {
      "inputs": {
        "nixpkgs": "nixpkgs"
      }
    }
  },
  "root": "root",
  "version": 7
}
