{
  "nodes": {
    "nixpkgs": {
      "locked": {
        "lastModified": 1754166607,
        "narHash": "sha256-h63AwQzbPxhF/IM0uTOx6ApGqP94i4qPrNtrLYZUg9g=",
        "owner": "loongson-community",
        "repo": "nixpkgs",
        "rev": "f9b04745d3c53fe41277c45de664ed9dcc1db22d",
        "type": "github"
      },
      "original": {
        "owner": "loongson-community",
        "repo": "nixpkgs",
        "type": "github"
      }
    },
    "root": {
      "inputs": {
        "nixpkgs": "nixpkgs"
      }
    }
  },
  "root": "root",
  "version": 7
}
