{
  "nodes": {
    "nixpkgs": {
      "locked": {
        "lastModified": 1756234937,
        "narHash": "sha256-pgJOv3hxo7fhKy4P5V5poGkrF8Dl57FGLtGdvCXZTu4=",
        "owner": "loongson-community",
        "repo": "nixpkgs",
        "rev": "0de439bbcd3df2813ac48498eb64a4fd51a68f0e",
        "type": "github"
      },
      "original": {
        "owner": "loongson-community",
        "repo": "nixpkgs",
        "type": "github"
      }
    },
    "root": {
      "inputs": {
        "nixpkgs": "nixpkgs"
      }
    }
  },
  "root": "root",
  "version": 7
}
