{
  "nodes": {
    "nixpkgs": {
      "locked": {
        "lastModified": 1765129096,
        "narHash": "sha256-6TIY/Thbuvl2wAx463UpFxcAIDfXLqSrd5h/XID8aKM=",
        "owner": "loongson-community",
        "repo": "nixpkgs",
        "rev": "9d59442518efc552afe93ac8c07370fdc367817c",
        "type": "github"
      },
      "original": {
        "owner": "loongson-community",
        "repo": "nixpkgs",
        "type": "github"
      }
    },
    "root": {
      "inputs": {
        "nixpkgs": "nixpkgs"
      }
    }
  },
  "root": "root",
  "version": 7
}
