{
  "nodes": {
    "nixpkgs": {
      "locked": {
        "lastModified": 1764787685,
        "narHash": "sha256-JK4IsJVL2UUvBlLoCgGN8OSgHrN4/5OBu4/HzS2AuXg=",
        "owner": "loongson-community",
        "repo": "nixpkgs",
        "rev": "b2cc8d30b08b8511ce3a5869ffc7d59da1036dd7",
        "type": "github"
      },
      "original": {
        "owner": "loongson-community",
        "repo": "nixpkgs",
        "type": "github"
      }
    },
    "root": {
      "inputs": {
        "nixpkgs": "nixpkgs"
      }
    }
  },
  "root": "root",
  "version": 7
}
