{
  "nodes": {
    "nixpkgs": {
      "locked": {
        "lastModified": 1761116570,
        "narHash": "sha256-NoniB3wuvcJ/Aue9a9QvQ1TYlwKo4aqqaOivUHeR5C0=",
        "owner": "loongson-community",
        "repo": "nixpkgs",
        "rev": "0cd44284ed6406ed557c5a4f428ead4960998b65",
        "type": "github"
      },
      "original": {
        "owner": "loongson-community",
        "repo": "nixpkgs",
        "type": "github"
      }
    },
    "root": {
      "inputs": {
        "nixpkgs": "nixpkgs"
      }
    }
  },
  "root": "root",
  "version": 7
}
