{
  "nodes": {
    "nixpkgs": {
      "locked": {
        "lastModified": 1787212448,
        "narHash": "sha256-51IpZyHhrq/E9NYvnXQ6kDpF92+iAD3+XaEmjTADi4w=",
        "owner": "loongson-community",
        "repo": "nixpkgs",
        "rev": "5bb3de3f42523059eeb6aa6799368e79e1a796c6",
        "type": "github"
      },
      "original": {
        "owner": "loongson-community",
        "ref": "loong-staging-next",
        "repo": "nixpkgs",
        "type": "github"
      }
    },
    "root": {
      "inputs": {
        "nixpkgs": "nixpkgs"
      }
    }
  },
  "root": "root",
  "version": 7
}
