{
  "nodes": {
    "nixpkgs": {
      "locked": {
        "lastModified": 1788769221,
        "narHash": "sha256-vgFvEXntwbigvFhQl0Q0HHCJ9X0JYNiiD/reyoMh/eA=",
        "owner": "loongson-community",
        "repo": "nixpkgs",
        "rev": "30faaefd1e733386a4b536c97b71f624f34dcde7",
        "type": "github"
      },
      "original": {
        "owner": "loongson-community",
        "ref": "loong-staging-next",
        "repo": "nixpkgs",
        "type": "github"
      }
    },
    "root": {
      "inputs": {
        "nixpkgs": "nixpkgs"
      }
    }
  },
  "root": "root",
  "version": 7
}
