{
  "nodes": {
    "nixpkgs": {
      "locked": {
        "lastModified": 1790251094,
        "narHash": "sha256-MEVUvsaph4eBrST5PC4Vey0Q/KD+zaQYJ/wVLlMMiro=",
        "owner": "loongson-community",
        "repo": "nixpkgs",
        "rev": "4977181265b92b082aaba27ad9a3b31131e29148",
        "type": "github"
      },
      "original": {
        "owner": "loongson-community",
        "ref": "loong-staging-next",
        "repo": "nixpkgs",
        "type": "github"
      }
    },
    "root": {
      "inputs": {
        "nixpkgs": "nixpkgs"
      }
    }
  },
  "root": "root",
  "version": 7
}
