{
  "nodes": {
    "nixpkgs": {
      "locked": {
        "lastModified": 1788166771,
        "narHash": "sha256-92dRaNkRWlk25uYHu4q3IbNoYeraDO0CUegId/B/1Qc=",
        "owner": "loongson-community",
        "repo": "nixpkgs",
        "rev": "5ed9e594d40d8e8e480dfba7804ad1d261fd60a1",
        "type": "github"
      },
      "original": {
        "owner": "loongson-community",
        "ref": "loong-staging-next-26.05",
        "repo": "nixpkgs",
        "type": "github"
      }
    },
    "root": {
      "inputs": {
        "nixpkgs": "nixpkgs"
      }
    }
  },
  "root": "root",
  "version": 7
}
