{
  "nodes": {
    "nixpkgs": {
      "locked": {
        "lastModified": 1789512295,
        "narHash": "sha256-hbHbifesaEWSm7YM65UQMNzsBUoFMZnDolRFzj0e8jM=",
        "owner": "loongson-community",
        "repo": "nixpkgs",
        "rev": "aeb4b3bf91c657032ecf90a66bd33347901493a4",
        "type": "github"
      },
      "original": {
        "owner": "loongson-community",
        "ref": "loong-staging-next-26.05",
        "repo": "nixpkgs",
        "type": "github"
      }
    },
    "root": {
      "inputs": {
        "nixpkgs": "nixpkgs"
      }
    }
  },
  "root": "root",
  "version": 7
}
