{
  "nodes": {
    "nixpkgs": {
      "locked": {
        "lastModified": 1786734285,
        "narHash": "sha256-iUSQ6aF38//wrX4uCPORjMn8gJ+4u7LGSRkfN5Hw7NA=",
        "owner": "loongson-community",
        "repo": "nixpkgs",
        "rev": "8b14998a414bca0a7ef17259904b33e80ade6430",
        "type": "github"
      },
      "original": {
        "owner": "loongson-community",
        "ref": "loong-staging-next-26.05",
        "repo": "nixpkgs",
        "type": "github"
      }
    },
    "root": {
      "inputs": {
        "nixpkgs": "nixpkgs"
      }
    }
  },
  "root": "root",
  "version": 7
}
