{
  "nodes": {
    "nixpkgs": {
      "locked": {
        "lastModified": 1789979949,
        "narHash": "sha256-xVebU5gEpKlNsc5RRsM5k7ba+tBNY99cXBiV+F0bC7U=",
        "owner": "loongson-community",
        "repo": "nixpkgs",
        "rev": "b0cdef6f15838c005d29ba399fd8bc74151544b5",
        "type": "github"
      },
      "original": {
        "owner": "loongson-community",
        "ref": "loong-testing",
        "repo": "nixpkgs",
        "type": "github"
      }
    },
    "root": {
      "inputs": {
        "nixpkgs": "nixpkgs"
      }
    }
  },
  "root": "root",
  "version": 7
}
