{
  "nodes": {
    "nixpkgs": {
      "locked": {
        "lastModified": 1790415723,
        "narHash": "sha256-O6kutNflAqgsjLNqHESO1llUHNDeXxuoRIdlop3QHMk=",
        "owner": "loongson-community",
        "repo": "nixpkgs",
        "rev": "1452e36ee2b77fe860da733bb7e8c95983541cbd",
        "type": "github"
      },
      "original": {
        "owner": "loongson-community",
        "ref": "loong-testing",
        "repo": "nixpkgs",
        "type": "github"
      }
    },
    "root": {
      "inputs": {
        "nixpkgs": "nixpkgs"
      }
    }
  },
  "root": "root",
  "version": 7
}
