{
  "nodes": {
    "nixpkgs": {
      "locked": {
        "lastModified": 1791515351,
        "narHash": "sha256-qx14NTicmA9wRtavkCRqT2A9pdBOVFcDw+ALme3QLkk=",
        "owner": "loongson-community",
        "repo": "nixpkgs",
        "rev": "e39bc49a0678953afc96fea4620241f170e3900c",
        "type": "github"
      },
      "original": {
        "owner": "loongson-community",
        "ref": "loong-testing",
        "repo": "nixpkgs",
        "type": "github"
      }
    },
    "root": {
      "inputs": {
        "nixpkgs": "nixpkgs"
      }
    }
  },
  "root": "root",
  "version": 7
}
