{
  "nodes": {
    "nixpkgs": {
      "locked": {
        "lastModified": 1780821730,
        "narHash": "sha256-36CrrJHJXm0AgyWAAy9rt4poy74NYrMTwz1nd7cHmBY=",
        "owner": "loongson-community",
        "repo": "nixpkgs",
        "rev": "0625a9e171aa8952f345a2e46d77d7d48c6a8f33",
        "type": "github"
      },
      "original": {
        "owner": "loongson-community",
        "ref": "loong-release-25.11",
        "repo": "nixpkgs",
        "type": "github"
      }
    },
    "root": {
      "inputs": {
        "nixpkgs": "nixpkgs"
      }
    }
  },
  "root": "root",
  "version": 7
}
