{
  "nodes": {
    "nixpkgs": {
      "locked": {
        "lastModified": 1781127415,
        "narHash": "sha256-jb5v22kx/hAV+JpIhgm1RlbaWy9nQM54xFivNCB0Xeo=",
        "owner": "loongson-community",
        "repo": "nixpkgs",
        "rev": "f79a238d012769907feb1e38a58f8b30d8c36e42",
        "type": "github"
      },
      "original": {
        "owner": "loongson-community",
        "ref": "loong-release-25.11",
        "repo": "nixpkgs",
        "type": "github"
      }
    },
    "root": {
      "inputs": {
        "nixpkgs": "nixpkgs"
      }
    }
  },
  "root": "root",
  "version": 7
}
