{
  "nodes": {
    "nixpkgs": {
      "locked": {
        "lastModified": 1776934917,
        "narHash": "sha256-lBGbooaUnk5dRqsHD3cLfDplv0knPFyPUE+FZQYnAyI=",
        "owner": "loongson-community",
        "repo": "nixpkgs",
        "rev": "97bc2c9c3be2a44cf94ba303d7e23d7a912310ce",
        "type": "github"
      },
      "original": {
        "owner": "loongson-community",
        "ref": "loong-release-25.11",
        "repo": "nixpkgs",
        "type": "github"
      }
    },
    "root": {
      "inputs": {
        "nixpkgs": "nixpkgs"
      }
    }
  },
  "root": "root",
  "version": 7
}
