{
  "nodes": {
    "nixpkgs": {
      "locked": {
        "lastModified": 1781987769,
        "narHash": "sha256-+LXzH547+xYpP56G421yAhjdZgsu61lTfEBvAWonBgo=",
        "owner": "loongson-community",
        "repo": "nixpkgs",
        "rev": "b5ad25e84c2320ab747a07a00b34d05ad6d22a01",
        "type": "github"
      },
      "original": {
        "owner": "loongson-community",
        "ref": "loong-master",
        "repo": "nixpkgs",
        "type": "github"
      }
    },
    "root": {
      "inputs": {
        "nixpkgs": "nixpkgs"
      }
    }
  },
  "root": "root",
  "version": 7
}
