{
  "nodes": {
    "nixpkgs": {
      "locked": {
        "lastModified": 1778706657,
        "narHash": "sha256-MyjYBK+7vnbAiHW3jt1XNsWv2k6JA6cFihTJ09L+0pg=",
        "owner": "loongson-community",
        "repo": "nixpkgs",
        "rev": "664cafee4a6d14c7a58938a73c5a550621e56966",
        "type": "github"
      },
      "original": {
        "owner": "loongson-community",
        "ref": "loong-master",
        "repo": "nixpkgs",
        "type": "github"
      }
    },
    "root": {
      "inputs": {
        "nixpkgs": "nixpkgs"
      }
    }
  },
  "root": "root",
  "version": 7
}
