{
  "nodes": {
    "nixpkgs": {
      "locked": {
        "lastModified": 1789718066,
        "narHash": "sha256-eHUbmF9zjBL+SQRTEF7KE9d2sB5wpk/C1s5IP7YbyXQ=",
        "owner": "loongson-community",
        "repo": "nixpkgs",
        "rev": "6a2ec13035f806baf39812f30312219a5b55bade",
        "type": "github"
      },
      "original": {
        "owner": "loongson-community",
        "ref": "loong-master",
        "repo": "nixpkgs",
        "type": "github"
      }
    },
    "root": {
      "inputs": {
        "nixpkgs": "nixpkgs"
      }
    }
  },
  "root": "root",
  "version": 7
}
