{
  "nodes": {
    "nixpkgs": {
      "locked": {
        "lastModified": 1786866235,
        "narHash": "sha256-xtkBHQBTNwJuF2WsfOcwSyr7kAQn8w+iutCSRb+MOLw=",
        "owner": "loongson-community",
        "repo": "nixpkgs",
        "rev": "89e434c9cadf0f913ec74bb3544dd19c1995b558",
        "type": "github"
      },
      "original": {
        "owner": "loongson-community",
        "ref": "loong-release-26.05",
        "repo": "nixpkgs",
        "type": "github"
      }
    },
    "root": {
      "inputs": {
        "nixpkgs": "nixpkgs"
      }
    }
  },
  "root": "root",
  "version": 7
}
