{
  "nodes": {
    "nixpkgs": {
      "locked": {
        "lastModified": 1786542322,
        "narHash": "sha256-gTttyFc2lVos5rc/go6ExVxLI+pdFA200fTuJM4n5Q0=",
        "owner": "loongson-community",
        "repo": "nixpkgs",
        "rev": "05c2b0f0fb1ce7e1ef6d9a2a9499b2c463f127fc",
        "type": "github"
      },
      "original": {
        "owner": "loongson-community",
        "ref": "loong-release-26.05",
        "repo": "nixpkgs",
        "type": "github"
      }
    },
    "root": {
      "inputs": {
        "nixpkgs": "nixpkgs"
      }
    }
  },
  "root": "root",
  "version": 7
}
