{
  "nodes": {
    "nixpkgs": {
      "locked": {
        "lastModified": 1785150477,
        "narHash": "sha256-Mo1cO3svgmbvw4BbMDyzdN9psigwPG4P1gNAG+jcjdE=",
        "owner": "loongson-community",
        "repo": "nixpkgs",
        "rev": "9b438e0eed736bb3a7356b3b9768266582763645",
        "type": "github"
      },
      "original": {
        "owner": "loongson-community",
        "ref": "loong-release-26.05",
        "repo": "nixpkgs",
        "type": "github"
      }
    },
    "root": {
      "inputs": {
        "nixpkgs": "nixpkgs"
      }
    }
  },
  "root": "root",
  "version": 7
}
