{
  "nodes": {
    "nixpkgs": {
      "locked": {
        "lastModified": 1786405268,
        "narHash": "sha256-OGkQu4sLGnO7w2PN63oBPggfF0NMfPD0L3GhdMe+ZMs=",
        "owner": "loongson-community",
        "repo": "nixpkgs",
        "rev": "a7d8e4cb59e547eb656ebab8f0a6a79c7555e6d2",
        "type": "github"
      },
      "original": {
        "owner": "loongson-community",
        "ref": "loong-master",
        "repo": "nixpkgs",
        "type": "github"
      }
    },
    "root": {
      "inputs": {
        "nixpkgs": "nixpkgs"
      }
    }
  },
  "root": "root",
  "version": 7
}
