{
  "nodes": {
    "nixpkgs": {
      "locked": {
        "lastModified": 1785488746,
        "narHash": "sha256-GmwlRvpkhK7agOsPnLwgrE+MzaZqA/89go4zPQh2VGo=",
        "owner": "loongson-community",
        "repo": "nixpkgs",
        "rev": "4a07358a00bfbcfba869187d59906d820d60a676",
        "type": "github"
      },
      "original": {
        "owner": "loongson-community",
        "ref": "loong-master",
        "repo": "nixpkgs",
        "type": "github"
      }
    },
    "root": {
      "inputs": {
        "nixpkgs": "nixpkgs"
      }
    }
  },
  "root": "root",
  "version": 7
}
