{
  "nodes": {
    "nixpkgs": {
      "locked": {
        "lastModified": 1781189762,
        "narHash": "sha256-MUTJgqPuviFMSME/iCiMOyOGtCqFx2hDweBHbHKHOBM=",
        "owner": "loongson-community",
        "repo": "nixpkgs",
        "rev": "0b7efcbccfe39fdf0e00b1097e6732a97561b9b3",
        "type": "github"
      },
      "original": {
        "owner": "loongson-community",
        "ref": "loong-master",
        "repo": "nixpkgs",
        "type": "github"
      }
    },
    "root": {
      "inputs": {
        "nixpkgs": "nixpkgs"
      }
    }
  },
  "root": "root",
  "version": 7
}
